
Microsoft Visual Studio Solution File, Format Version 12.00
# Visual Studio Version 16
VisualStudioVersion = 16.0.31424.327
MinimumVisualStudioVersion = 10.0.40219.1
Project("{FAE04EC0-301F-11D3-BF4B-00C04F79EFBC}") = "DapperHomeWork", "DapperHomeWork\DapperHomeWork.csproj", "{B608EA2D-2760-492D-B33C-091342FD2980}"
EndProject
Global
	GlobalSection(SolutionConfigurationPlatforms) = preSolution
		Debug|Any CPU = Debug|Any CPU
		Release|Any CPU = Release|Any CPU
	EndGlobalSection
	GlobalSection(ProjectConfigurationPlatforms) = postSolution
		{B608EA2D-2760-492D-B33C-091342FD2980}.Debug|Any CPU.ActiveCfg = Debug|Any CPU
		{B608EA2D-2760-492D-B33C-091342FD2980}.Debug|Any CPU.Build.0 = Debug|Any CPU
		{B608EA2D-2760-492D-B33C-091342FD2980}.Release|Any CPU.ActiveCfg = Release|Any CPU
		{B608EA2D-2760-492D-B33C-091342FD2980}.Release|Any CPU.Build.0 = Release|Any CPU
	EndGlobalSection
	GlobalSection(SolutionProperties) = preSolution
		HideSolutionNode = FALSE
	EndGlobalSection
	GlobalSection(ExtensibilityGlobals) = postSolution
		SolutionGuid = {EDFD0851-5FEF-4281-81D1-7306B39B79D7}
	EndGlobalSection
EndGlobal
